// !$*UTF8*$!
{
	archiveVersion = 1;
	classes = {
	};
	objectVersion = 46;
	objects = {

/* Begin PBXBuildFile section */
		D52D67D61C196B3B00972158 /* AppDelegate.swift in Sources */ = {isa = PBXBuildFile; fileRef = D52D67D51C196B3B00972158 /* AppDelegate.swift */; };
		D52D67D81C196B3B00972158 /* ViewController.swift in Sources */ = {isa = PBXBuildFile; fileRef = D52D67D71C196B3B00972158 /* ViewController.swift */; };
		D52D67DB1C196B3B00972158 /* Main.storyboard in Resources */ = {isa = PBXBuildFile; fileRef = D52D67D91C196B3B00972158 /* Main.storyboard */; };
		D52D67DD1C196B3B00972158 /* Assets.xcassets in Resources */ = {isa = PBXBuildFile; fileRef = D52D67DC1C196B3B00972158 /* Assets.xcassets */; };
		D52D67E01C196B3B00972158 /* LaunchScreen.storyboard in Resources */ = {isa = PBXBuildFile; fileRef = D52D67DE1C196B3B00972158 /* LaunchScreen.storyboard */; };
		D52D67E81C19717300972158 /* 蜀绣.mp3 in Resources */ = {isa = PBXBuildFile; fileRef = D52D67E71C19717300972158 /* 蜀绣.mp3 */; };
		D5BEB3C91C1AB3B3009EE45D /* Written In The Stars.mp4 in Resources */ = {isa = PBXBuildFile; fileRef = D5BEB3C81C1AB3B3009EE45D /* Written In The Stars.mp4 */; };
/* End PBXBuildFile section */

/* Begin PBXFileReference section */
		D52D67D21C196B3B00972158 /* 04MediaPlayer.app */ = {isa = PBXFileReference; explicitFileType = wrapper.application; includeInIndex = 0; path = 04MediaPlayer.app; sourceTree = BUILT_PRODUCTS_DIR; };
		D52D67D51C196B3B00972158 /* AppDelegate.swift */ = {isa = PBXFileReference; lastKnownFileType = sourcecode.swift; path = AppDelegate.swift; sourceTree = "<group>"; };
		D52D67D71C196B3B00972158 /* ViewController.swift */ = {isa = PBXFileReference; lastKnownFileType = sourcecode.swift; path = ViewController.swift; sourceTree = "<group>"; };
		D52D67DA1C196B3B00972158 /* Base */ = {isa = PBXFileReference; lastKnownFileType = file.storyboard; name = Base; path = Base.lproj/Main.storyboard; sourceTree = "<group>"; };
		D52D67DC1C196B3B00972158 /* Assets.xcassets */ = {isa = PBXFileReference; lastKnownFileType = folder.assetcatalog; path = Assets.xcassets; sourceTree = "<group>"; };
		D52D67DF1C196B3B00972158 /* Base */ = {isa = PBXFileReference; lastKnownFileType = file.storyboard; name = Base; path = Base.lproj/LaunchScreen.storyboard; sourceTree = "<group>"; };
		D52D67E11C196B3B00972158 /* Info.plist */ = {isa = PBXFileReference; lastKnownFileType = text.plist.xml; path = Info.plist; sourceTree = "<group>"; };
		D52D67E71C19717300972158 /* 蜀绣.mp3 */ = {isa = PBXFileReference; lastKnownFileType = audio.mp3; path = "蜀绣.mp3"; sourceTree = "<group>"; };
		D5BEB3C81C1AB3B3009EE45D /* Written In The Stars.mp4 */ = {isa = PBXFileReference; lastKnownFileType = file; path = "Written In The Stars.mp4"; sourceTree = "<group>"; };
/* End PBXFileReference section */

/* Begin PBXFrameworksBuildPhase section */
		D52D67CF1C196B3B00972158 /* Frameworks */ = {
			isa = PBXFrameworksBuildPhase;
			buildActionMask = 2147483647;
			files = (
			);
			runOnlyForDeploymentPostprocessing = 0;
		};
/* End PBXFrameworksBuildPhase section */

/* Begin PBXGroup section */
		D52D67C91C196B3B00972158 = {
			isa = PBXGroup;
			children = (
				D52D67D41C196B3B00972158 /* 04MediaPlayer */,
				D52D67D31C196B3B00972158 /* Products */,
			);
			sourceTree = "<group>";
		};
		D52D67D31C196B3B00972158 /* Products */ = {
			isa = PBXGroup;
			children = (
				D52D67D21C196B3B00972158 /* 04MediaPlayer.app */,
			);
			name = Products;
			sourceTree = "<group>";
		};
		D52D67D41C196B3B00972158 /* 04MediaPlayer */ = {
			isa = PBXGroup;
			children = (
				D52D67D51C196B3B00972158 /* AppDelegate.swift */,
				D52D67D71C196B3B00972158 /* ViewController.swift */,
				D52D67D91C196B3B00972158 /* Main.storyboard */,
				D52D67DC1C196B3B00972158 /* Assets.xcassets */,
				D52D67E71C19717300972158 /* 蜀绣.mp3 */,
				D5BEB3C81C1AB3B3009EE45D /* Written In The Stars.mp4 */,
				D52D67DE1C196B3B00972158 /* LaunchScreen.storyboard */,
				D52D67E11C196B3B00972158 /* Info.plist */,
			);
			path = 04MediaPlayer;
			sourceTree = "<group>";
		};
/* End PBXGroup section */

/* Begin PBXNativeTarget section */
		D52D67D11C196B3B00972158 /* 04MediaPlayer */ = {
			isa = PBXNativeTarget;
			buildConfigurationList = D52D67E41C196B3B00972158 /* Build configuration list for PBXNativeTarget "04MediaPlayer" */;
			buildPhases = (
				D52D67CE1C196B3B00972158 /* Sources */,
				D52D67CF1C196B3B00972158 /* Frameworks */,
				D52D67D01C196B3B00972158 /* Resources */,
			);
			buildRules = (
			);
			dependencies = (
			);
			name = 04MediaPlayer;
			productName = 04MediaPlayer;
			productReference = D52D67D21C196B3B00972158 /* 04MediaPlayer.app */;
			productType = "com.apple.product-type.application";
		};
/* End PBXNativeTarget section */

/* Begin PBXProject section */
		D52D67CA1C196B3B00972158 /* Project object */ = {
			isa = PBXProject;
			attributes = {
				LastSwiftUpdateCheck = 0720;
				LastUpgradeCheck = 0720;
				ORGANIZATIONNAME = jgh;
				TargetAttributes = {
					D52D67D11C196B3B00972158 = {
						CreatedOnToolsVersion = 7.2;
						DevelopmentTeam = 2L8683256Z;
					};
				};
			};
			buildConfigurationList = D52D67CD1C196B3B00972158 /* Build configuration list for PBXProject "04MediaPlayer" */;
			compatibilityVersion = "Xcode 3.2";
			developmentRegion = English;
			hasScannedForEncodings = 0;
			knownRegions = (
				en,
				Base,
			);
			mainGroup = D52D67C91C196B3B00972158;
			productRefGroup = D52D67D31C196B3B00972158 /* Products */;
			projectDirPath = "";
			projectRoot = "";
			targets = (
				D52D67D11C196B3B00972158 /* 04MediaPlayer */,
			);
		};
/* End PBXProject section */

/* Begin PBXResourcesBuildPhase section */
		D52D67D01C196B3B00972158 /* Resources */ = {
			isa = PBXResourcesBuildPhase;
			buildActionMask = 2147483647;
			files = (
				D52D67E01C196B3B00972158 /* LaunchScreen.storyboard in Resources */,
				D52D67DD1C196B3B00972158 /* Assets.xcassets in Resources */,
				D52D67DB1C196B3B00972158 /* Main.storyboard in Resources */,
				D5BEB3C91C1AB3B3009EE45D /* Written In The Stars.mp4 in Resources */,
				D52D67E81C19717300972158 /* 蜀绣.mp3 in Resources */,
			);
			runOnlyForDeploymentPostprocessing = 0;
		};
/* End PBXResourcesBuildPhase section */

/* Begin PBXSourcesBuildPhase section */
		D52D67CE1C196B3B00972158 /* Sources */ = {
			isa = PBXSourcesBuildPhase;
			buildActionMask = 2147483647;
			files = (
				D52D67D81C196B3B00972158 /* ViewController.swift in Sources */,
				D52D67D61C196B3B00972158 /* AppDelegate.swift in Sources */,
			);
			runOnlyForDeploymentPostprocessing = 0;
		};
/* End PBXSourcesBuildPhase section */

/* Begin PBXVariantGroup section */
		D52D67D91C196B3B00972158 /* Main.storyboard */ = {
			isa = PBXVariantGroup;
			children = (
				D52D67DA1C196B3B00972158 /* Base */,
			);
			name = Main.storyboard;
			sourceTree = "<group>";
		};
		D52D67DE1C196B3B00972158 /* LaunchScreen.storyboard */ = {
			isa = PBXVariantGroup;
			children = (
				D52D67DF1C196B3B00972158 /* Base */,
			);
			name = LaunchScreen.storyboard;
			sourceTree = "<group>";
		};
/* End PBXVariantGroup section */

/* Begin XCBuildConfiguration section */
		D52D67E21C196B3B00972158 /* Debug */ = {
			isa = XCBuildConfiguration;
			buildSettings = {
				ALWAYS_SEARCH_USER_PATHS = NO;
				CLANG_CXX_LANGUAGE_STANDARD = "gnu++0x";
				CLANG_CXX_LIBRARY = "libc++";
				CLANG_ENABLE_MODULES = YES;
				CLANG_ENABLE_OBJC_ARC = YES;
				CLANG_WARN_BOOL_CONVERSION = YES;
				CLANG_WARN_CONSTANT_CONVERSION = YES;
				CLANG_WARN_DIRECT_OBJC_ISA_USAGE = YES_ERROR;
				CLANG_WARN_EMPTY_BODY = YES;
				CLANG_WARN_ENUM_CONVERSION = YES;
				CLANG_WARN_INT_CONVERSION = YES;
				CLANG_WARN_OBJC_ROOT_CLASS = YES_ERROR;
				CLANG_WARN_UNREACHABLE_CODE = YES;
				CLANG_WARN__DUPLICATE_METHOD_MATCH = YES;
				"CODE_SIGN_IDENTITY[sdk=iphoneos*]" = "iPhone Developer";
				COPY_PHASE_STRIP = NO;
				DEBUG_INFORMATION_FORMAT = dwarf;
				ENABLE_STRICT_OBJC_MSGSEND = YES;
				ENABLE_TESTABILITY = YES;
				GCC_C_LANGUAGE_STANDARD = gnu99;
				GCC_DYNAMIC_NO_PIC = NO;
				GCC_NO_COMMON_BLOCKS = YES;
				GCC_OPTIMIZATION_LEVEL = 0;
				GCC_PREPROCESSOR_DEFINITIONS = (
					"DEBUG=1",
					"$(inherited)",
				);
				GCC_WARN_64_TO_32_BIT_CONVERSION = YES;
				GCC_WARN_ABOUT_RETURN_TYPE = YES_ERROR;
				GCC_WARN_UNDECLARED_SELECTOR = YES;
				GCC_WARN_UNINITIALIZED_AUTOS = YES_AGGRESSIVE;
				GCC_WARN_UNUSED_FUNCTION = YES;
				GCC_WARN_UNUSED_VARIABLE = YES;
				IPHONEOS_DEPLOYMENT_TARGET = 9.2;
				MTL_ENABLE_DEBUG_INFO = YES;
				ONLY_ACTIVE_ARCH = YES;
				SDKROOT = iphoneos;
				SWIFT_OPTIMIZATION_LEVEL = "-Onone";
				TARGETED_DEVICE_FAMILY = "1,2";
			};
			name = Debug;
		};
		D52D67E31C196B3B00972158 /* Release */ = {
			isa = XCBuildConfiguration;
			buildSettings = {
				ALWAYS_SEARCH_USER_PATHS = NO;
				CLANG_CXX_LANGUAGE_STANDARD = "gnu++0x";
				CLANG_CXX_LIBRARY = "libc++";
				CLANG_ENABLE_MODULES = YES;
				CLANG_ENABLE_OBJC_ARC = YES;
				CLANG_WARN_BOOL_CONVERSION = YES;
				CLANG_WARN_CONSTANT_CONVERSION = YES;
				CLANG_WARN_DIRECT_OBJC_ISA_USAGE = YES_ERROR;
				CLANG_WARN_EMPTY_BODY = YES;
				CLANG_WARN_ENUM_CONVERSION = YES;
				CLANG_WARN_INT_CONVERSION = YES;
				CLANG_WARN_OBJC_ROOT_CLASS = YES_ERROR;
				CLANG_WARN_UNREACHABLE_CODE = YES;
				CLANG_WARN__DUPLICATE_METHOD_MATCH = YES;
				"CODE_SIGN_IDENTITY[sdk=iphoneos*]" = "iPhone Developer";
				COPY_PHASE_STRIP = NO;
				DEBUG_INFORMATION_FORMAT = "dwarf-with-dsym";
				ENABLE_NS_ASSERTIONS = NO;
				ENABLE_STRICT_OBJC_MSGSEND = YES;
				GCC_C_LANGUAGE_STANDARD = gnu99;
				GCC_NO_COMMON_BLOCKS = YES;
				GCC_WARN_64_TO_32_BIT_CONVERSION = YES;
				GCC_WARN_ABOUT_RETURN_TYPE = YES_ERROR;
				GCC_WARN_UNDECLARED_SELECTOR = YES;
				GCC_WARN_UNINITIALIZED_AUTOS = YES_AGGRESSIVE;
				GCC_WARN_UNUSED_FUNCTION = YES;
				GCC_WARN_UNUSED_VARIABLE = YES;
				IPHONEOS_DEPLOYMENT_TARGET = 9.2;
				MTL_ENABLE_DEBUG_INFO = NO;
				SDKROOT = iphoneos;
				TARGETED_DEVICE_FAMILY = "1,2";
				VALIDATE_PRODUCT = YES;
			};
			name = Release;
		};
		D52D67E51C196B3B00972158 /* Debug */ = {
			isa = XCBuildConfiguration;
			buildSettings = {
				ASSETCATALOG_COMPILER_APPICON_NAME = AppIcon;
				INFOPLIST_FILE = 04MediaPlayer/Info.plist;
				IPHONEOS_DEPLOYMENT_TARGET = 9.0;
				LD_RUNPATH_SEARCH_PATHS = "$(inherited) @executable_path/Frameworks";
				PRODUCT_BUNDLE_IDENTIFIER = "com.scau.jgh.-4MediaPlayer";
				PRODUCT_NAME = "$(TARGET_NAME)";
			};
			name = Debug;
		};
		D52D67E61C196B3B00972158 /* Release */ = {
			isa = XCBuildConfiguration;
			buildSettings = {
				ASSETCATALOG_COMPILER_APPICON_NAME = AppIcon;
				INFOPLIST_FILE = 04MediaPlayer/Info.plist;
				IPHONEOS_DEPLOYMENT_TARGET = 9.0;
				LD_RUNPATH_SEARCH_PATHS = "$(inherited) @executable_path/Frameworks";
				PRODUCT_BUNDLE_IDENTIFIER = "com.scau.jgh.-4MediaPlayer";
				PRODUCT_NAME = "$(TARGET_NAME)";
			};
			name = Release;
		};
/* End XCBuildConfiguration section */

/* Begin XCConfigurationList section */
		D52D67CD1C196B3B00972158 /* Build configuration list for PBXProject "04MediaPlayer" */ = {
			isa = XCConfigurationList;
			buildConfigurations = (
				D52D67E21C196B3B00972158 /* Debug */,
				D52D67E31C196B3B00972158 /* Release */,
			);
			defaultConfigurationIsVisible = 0;
			defaultConfigurationName = Release;
		};
		D52D67E41C196B3B00972158 /* Build configuration list for PBXNativeTarget "04MediaPlayer" */ = {
			isa = XCConfigurationList;
			buildConfigurations = (
				D52D67E51C196B3B00972158 /* Debug */,
				D52D67E61C196B3B00972158 /* Release */,
			);
			defaultConfigurationIsVisible = 0;
			defaultConfigurationName = Release;
		};
/* End XCConfigurationList section */
	};
	rootObject = D52D67CA1C196B3B00972158 /* Project object */;
}
