// !$*UTF8*$!
{
	archiveVersion = 1;
	classes = {
	};
	objectVersion = 46;
	objects = {

/* Begin PBXBuildFile section */
		D5BEB3D71C1AD444009EE45D /* AppDelegate.swift in Sources */ = {isa = PBXBuildFile; fileRef = D5BEB3D61C1AD444009EE45D /* AppDelegate.swift */; };
		D5BEB3D91C1AD444009EE45D /* ViewController.swift in Sources */ = {isa = PBXBuildFile; fileRef = D5BEB3D81C1AD444009EE45D /* ViewController.swift */; };
		D5BEB3DC1C1AD444009EE45D /* Main.storyboard in Resources */ = {isa = PBXBuildFile; fileRef = D5BEB3DA1C1AD444009EE45D /* Main.storyboard */; };
		D5BEB3DE1C1AD444009EE45D /* Assets.xcassets in Resources */ = {isa = PBXBuildFile; fileRef = D5BEB3DD1C1AD444009EE45D /* Assets.xcassets */; };
		D5BEB3E11C1AD444009EE45D /* LaunchScreen.storyboard in Resources */ = {isa = PBXBuildFile; fileRef = D5BEB3DF1C1AD444009EE45D /* LaunchScreen.storyboard */; };
/* End PBXBuildFile section */

/* Begin PBXFileReference section */
		D5BEB3D31C1AD444009EE45D /* 05AVPlayer.app */ = {isa = PBXFileReference; explicitFileType = wrapper.application; includeInIndex = 0; path = 05AVPlayer.app; sourceTree = BUILT_PRODUCTS_DIR; };
		D5BEB3D61C1AD444009EE45D /* AppDelegate.swift */ = {isa = PBXFileReference; lastKnownFileType = sourcecode.swift; path = AppDelegate.swift; sourceTree = "<group>"; };
		D5BEB3D81C1AD444009EE45D /* ViewController.swift */ = {isa = PBXFileReference; lastKnownFileType = sourcecode.swift; path = ViewController.swift; sourceTree = "<group>"; };
		D5BEB3DB1C1AD444009EE45D /* Base */ = {isa = PBXFileReference; lastKnownFileType = file.storyboard; name = Base; path = Base.lproj/Main.storyboard; sourceTree = "<group>"; };
		D5BEB3DD1C1AD444009EE45D /* Assets.xcassets */ = {isa = PBXFileReference; lastKnownFileType = folder.assetcatalog; path = Assets.xcassets; sourceTree = "<group>"; };
		D5BEB3E01C1AD444009EE45D /* Base */ = {isa = PBXFileReference; lastKnownFileType = file.storyboard; name = Base; path = Base.lproj/LaunchScreen.storyboard; sourceTree = "<group>"; };
		D5BEB3E21C1AD444009EE45D /* Info.plist */ = {isa = PBXFileReference; lastKnownFileType = text.plist.xml; path = Info.plist; sourceTree = "<group>"; };
/* End PBXFileReference section */

/* Begin PBXFrameworksBuildPhase section */
		D5BEB3D01C1AD444009EE45D /* Frameworks */ = {
			isa = PBXFrameworksBuildPhase;
			buildActionMask = 2147483647;
			files = (
			);
			runOnlyForDeploymentPostprocessing = 0;
		};
/* End PBXFrameworksBuildPhase section */

/* Begin PBXGroup section */
		D5BEB3CA1C1AD444009EE45D = {
			isa = PBXGroup;
			children = (
				D5BEB3D51C1AD444009EE45D /* 05AVPlayer */,
				D5BEB3D41C1AD444009EE45D /* Products */,
			);
			sourceTree = "<group>";
		};
		D5BEB3D41C1AD444009EE45D /* Products */ = {
			isa = PBXGroup;
			children = (
				D5BEB3D31C1AD444009EE45D /* 05AVPlayer.app */,
			);
			name = Products;
			sourceTree = "<group>";
		};
		D5BEB3D51C1AD444009EE45D /* 05AVPlayer */ = {
			isa = PBXGroup;
			children = (
				D5BEB3D61C1AD444009EE45D /* AppDelegate.swift */,
				D5BEB3D81C1AD444009EE45D /* ViewController.swift */,
				D5BEB3DA1C1AD444009EE45D /* Main.storyboard */,
				D5BEB3DD1C1AD444009EE45D /* Assets.xcassets */,
				D5BEB3DF1C1AD444009EE45D /* LaunchScreen.storyboard */,
				D5BEB3E21C1AD444009EE45D /* Info.plist */,
			);
			path = 05AVPlayer;
			sourceTree = "<group>";
		};
/* End PBXGroup section */

/* Begin PBXNativeTarget section */
		D5BEB3D21C1AD444009EE45D /* 05AVPlayer */ = {
			isa = PBXNativeTarget;
			buildConfigurationList = D5BEB3E51C1AD444009EE45D /* Build configuration list for PBXNativeTarget "05AVPlayer" */;
			buildPhases = (
				D5BEB3CF1C1AD444009EE45D /* Sources */,
				D5BEB3D01C1AD444009EE45D /* Frameworks */,
				D5BEB3D11C1AD444009EE45D /* Resources */,
			);
			buildRules = (
			);
			dependencies = (
			);
			name = 05AVPlayer;
			productName = 05AVPlayer;
			productReference = D5BEB3D31C1AD444009EE45D /* 05AVPlayer.app */;
			productType = "com.apple.product-type.application";
		};
/* End PBXNativeTarget section */

/* Begin PBXProject section */
		D5BEB3CB1C1AD444009EE45D /* Project object */ = {
			isa = PBXProject;
			attributes = {
				LastSwiftUpdateCheck = 0720;
				LastUpgradeCheck = 0720;
				ORGANIZATIONNAME = jgh;
				TargetAttributes = {
					D5BEB3D21C1AD444009EE45D = {
						CreatedOnToolsVersion = 7.2;
						DevelopmentTeam = 2L8683256Z;
					};
				};
			};
			buildConfigurationList = D5BEB3CE1C1AD444009EE45D /* Build configuration list for PBXProject "05AVPlayer" */;
			compatibilityVersion = "Xcode 3.2";
			developmentRegion = English;
			hasScannedForEncodings = 0;
			knownRegions = (
				en,
				Base,
			);
			mainGroup = D5BEB3CA1C1AD444009EE45D;
			productRefGroup = D5BEB3D41C1AD444009EE45D /* Products */;
			projectDirPath = "";
			projectRoot = "";
			targets = (
				D5BEB3D21C1AD444009EE45D /* 05AVPlayer */,
			);
		};
/* End PBXProject section */

/* Begin PBXResourcesBuildPhase section */
		D5BEB3D11C1AD444009EE45D /* Resources */ = {
			isa = PBXResourcesBuildPhase;
			buildActionMask = 2147483647;
			files = (
				D5BEB3E11C1AD444009EE45D /* LaunchScreen.storyboard in Resources */,
				D5BEB3DE1C1AD444009EE45D /* Assets.xcassets in Resources */,
				D5BEB3DC1C1AD444009EE45D /* Main.storyboard in Resources */,
			);
			runOnlyForDeploymentPostprocessing = 0;
		};
/* End PBXResourcesBuildPhase section */

/* Begin PBXSourcesBuildPhase section */
		D5BEB3CF1C1AD444009EE45D /* Sources */ = {
			isa = PBXSourcesBuildPhase;
			buildActionMask = 2147483647;
			files = (
				D5BEB3D91C1AD444009EE45D /* ViewController.swift in Sources */,
				D5BEB3D71C1AD444009EE45D /* AppDelegate.swift in Sources */,
			);
			runOnlyForDeploymentPostprocessing = 0;
		};
/* End PBXSourcesBuildPhase section */

/* Begin PBXVariantGroup section */
		D5BEB3DA1C1AD444009EE45D /* Main.storyboard */ = {
			isa = PBXVariantGroup;
			children = (
				D5BEB3DB1C1AD444009EE45D /* Base */,
			);
			name = Main.storyboard;
			sourceTree = "<group>";
		};
		D5BEB3DF1C1AD444009EE45D /* LaunchScreen.storyboard */ = {
			isa = PBXVariantGroup;
			children = (
				D5BEB3E01C1AD444009EE45D /* Base */,
			);
			name = LaunchScreen.storyboard;
			sourceTree = "<group>";
		};
/* End PBXVariantGroup section */

/* Begin XCBuildConfiguration section */
		D5BEB3E31C1AD444009EE45D /* Debug */ = {
			isa = XCBuildConfiguration;
			buildSettings = {
				ALWAYS_SEARCH_USER_PATHS = NO;
				CLANG_CXX_LANGUAGE_STANDARD = "gnu++0x";
				CLANG_CXX_LIBRARY = "libc++";
				CLANG_ENABLE_MODULES = YES;
				CLANG_ENABLE_OBJC_ARC = YES;
				CLANG_WARN_BOOL_CONVERSION = YES;
				CLANG_WARN_CONSTANT_CONVERSION = YES;
				CLANG_WARN_DIRECT_OBJC_ISA_USAGE = YES_ERROR;
				CLANG_WARN_EMPTY_BODY = YES;
				CLANG_WARN_ENUM_CONVERSION = YES;
				CLANG_WARN_INT_CONVERSION = YES;
				CLANG_WARN_OBJC_ROOT_CLASS = YES_ERROR;
				CLANG_WARN_UNREACHABLE_CODE = YES;
				CLANG_WARN__DUPLICATE_METHOD_MATCH = YES;
				"CODE_SIGN_IDENTITY[sdk=iphoneos*]" = "iPhone Developer";
				COPY_PHASE_STRIP = NO;
				DEBUG_INFORMATION_FORMAT = dwarf;
				ENABLE_STRICT_OBJC_MSGSEND = YES;
				ENABLE_TESTABILITY = YES;
				GCC_C_LANGUAGE_STANDARD = gnu99;
				GCC_DYNAMIC_NO_PIC = NO;
				GCC_NO_COMMON_BLOCKS = YES;
				GCC_OPTIMIZATION_LEVEL = 0;
				GCC_PREPROCESSOR_DEFINITIONS = (
					"DEBUG=1",
					"$(inherited)",
				);
				GCC_WARN_64_TO_32_BIT_CONVERSION = YES;
				GCC_WARN_ABOUT_RETURN_TYPE = YES_ERROR;
				GCC_WARN_UNDECLARED_SELECTOR = YES;
				GCC_WARN_UNINITIALIZED_AUTOS = YES_AGGRESSIVE;
				GCC_WARN_UNUSED_FUNCTION = YES;
				GCC_WARN_UNUSED_VARIABLE = YES;
				IPHONEOS_DEPLOYMENT_TARGET = 9.2;
				MTL_ENABLE_DEBUG_INFO = YES;
				ONLY_ACTIVE_ARCH = YES;
				SDKROOT = iphoneos;
				SWIFT_OPTIMIZATION_LEVEL = "-Onone";
				TARGETED_DEVICE_FAMILY = "1,2";
			};
			name = Debug;
		};
		D5BEB3E41C1AD444009EE45D /* Release */ = {
			isa = XCBuildConfiguration;
			buildSettings = {
				ALWAYS_SEARCH_USER_PATHS = NO;
				CLANG_CXX_LANGUAGE_STANDARD = "gnu++0x";
				CLANG_CXX_LIBRARY = "libc++";
				CLANG_ENABLE_MODULES = YES;
				CLANG_ENABLE_OBJC_ARC = YES;
				CLANG_WARN_BOOL_CONVERSION = YES;
				CLANG_WARN_CONSTANT_CONVERSION = YES;
				CLANG_WARN_DIRECT_OBJC_ISA_USAGE = YES_ERROR;
				CLANG_WARN_EMPTY_BODY = YES;
				CLANG_WARN_ENUM_CONVERSION = YES;
				CLANG_WARN_INT_CONVERSION = YES;
				CLANG_WARN_OBJC_ROOT_CLASS = YES_ERROR;
				CLANG_WARN_UNREACHABLE_CODE = YES;
				CLANG_WARN__DUPLICATE_METHOD_MATCH = YES;
				"CODE_SIGN_IDENTITY[sdk=iphoneos*]" = "iPhone Developer";
				COPY_PHASE_STRIP = NO;
				DEBUG_INFORMATION_FORMAT = "dwarf-with-dsym";
				ENABLE_NS_ASSERTIONS = NO;
				ENABLE_STRICT_OBJC_MSGSEND = YES;
				GCC_C_LANGUAGE_STANDARD = gnu99;
				GCC_NO_COMMON_BLOCKS = YES;
				GCC_WARN_64_TO_32_BIT_CONVERSION = YES;
				GCC_WARN_ABOUT_RETURN_TYPE = YES_ERROR;
				GCC_WARN_UNDECLARED_SELECTOR = YES;
				GCC_WARN_UNINITIALIZED_AUTOS = YES_AGGRESSIVE;
				GCC_WARN_UNUSED_FUNCTION = YES;
				GCC_WARN_UNUSED_VARIABLE = YES;
				IPHONEOS_DEPLOYMENT_TARGET = 9.2;
				MTL_ENABLE_DEBUG_INFO = NO;
				SDKROOT = iphoneos;
				TARGETED_DEVICE_FAMILY = "1,2";
				VALIDATE_PRODUCT = YES;
			};
			name = Release;
		};
		D5BEB3E61C1AD444009EE45D /* Debug */ = {
			isa = XCBuildConfiguration;
			buildSettings = {
				ASSETCATALOG_COMPILER_APPICON_NAME = AppIcon;
				INFOPLIST_FILE = 05AVPlayer/Info.plist;
				LD_RUNPATH_SEARCH_PATHS = "$(inherited) @executable_path/Frameworks";
				PRODUCT_BUNDLE_IDENTIFIER = "com.scau.jgh.-5AVPlayer";
				PRODUCT_NAME = "$(TARGET_NAME)";
			};
			name = Debug;
		};
		D5BEB3E71C1AD444009EE45D /* Release */ = {
			isa = XCBuildConfiguration;
			buildSettings = {
				ASSETCATALOG_COMPILER_APPICON_NAME = AppIcon;
				INFOPLIST_FILE = 05AVPlayer/Info.plist;
				LD_RUNPATH_SEARCH_PATHS = "$(inherited) @executable_path/Frameworks";
				PRODUCT_BUNDLE_IDENTIFIER = "com.scau.jgh.-5AVPlayer";
				PRODUCT_NAME = "$(TARGET_NAME)";
			};
			name = Release;
		};
/* End XCBuildConfiguration section */

/* Begin XCConfigurationList section */
		D5BEB3CE1C1AD444009EE45D /* Build configuration list for PBXProject "05AVPlayer" */ = {
			isa = XCConfigurationList;
			buildConfigurations = (
				D5BEB3E31C1AD444009EE45D /* Debug */,
				D5BEB3E41C1AD444009EE45D /* Release */,
			);
			defaultConfigurationIsVisible = 0;
			defaultConfigurationName = Release;
		};
		D5BEB3E51C1AD444009EE45D /* Build configuration list for PBXNativeTarget "05AVPlayer" */ = {
			isa = XCConfigurationList;
			buildConfigurations = (
				D5BEB3E61C1AD444009EE45D /* Debug */,
				D5BEB3E71C1AD444009EE45D /* Release */,
			);
			defaultConfigurationIsVisible = 0;
		};
/* End XCConfigurationList section */
	};
	rootObject = D5BEB3CB1C1AD444009EE45D /* Project object */;
}
